
Microsoft Visual Studio Solution File, Format Version 12.00
# Visual Studio 15
VisualStudioVersion = 15.0.27703.2026
MinimumVisualStudioVersion = 10.0.40219.1
Project("{E24C65DC-7377-472B-9ABA-BC803B73C61A}") = "HubPortal.Site(2)", "HubPortal.Site\", "{9E5D6122-7C0F-4A9B-B347-6EC027FEF636}"
	ProjectSection(WebsiteProperties) = preProject
		TargetFrameworkMoniker = ".NETFramework,Version%3Dv4.6.1"
		Debug.AspNetCompiler.VirtualPath = "/localhost_64472"
		Debug.AspNetCompiler.PhysicalPath = "HubPortal.Site\"
		Debug.AspNetCompiler.TargetPath = "PrecompiledWeb\localhost_64472\"
		Debug.AspNetCompiler.Updateable = "true"
		Debug.AspNetCompiler.ForceOverwrite = "true"
		Debug.AspNetCompiler.FixedNames = "false"
		Debug.AspNetCompiler.Debug = "True"
		Release.AspNetCompiler.VirtualPath = "/localhost_64472"
		Release.AspNetCompiler.PhysicalPath = "HubPortal.Site\"
		Release.AspNetCompiler.TargetPath = "PrecompiledWeb\localhost_64472\"
		Release.AspNetCompiler.Updateable = "true"
		Release.AspNetCompiler.ForceOverwrite = "true"
		Release.AspNetCompiler.FixedNames = "false"
		Release.AspNetCompiler.Debug = "False"
		VWDPort = "64472"
		SlnRelativePath = "HubPortal.Site\"
		DefaultWebSiteLanguage = "Visual C#"
	EndProjectSection
EndProject
Global
	GlobalSection(SolutionConfigurationPlatforms) = preSolution
		Debug|Any CPU = Debug|Any CPU
		Release|Any CPU = Release|Any CPU
	EndGlobalSection
	GlobalSection(ProjectConfigurationPlatforms) = postSolution
		{9E5D6122-7C0F-4A9B-B347-6EC027FEF636}.Debug|Any CPU.ActiveCfg = Debug|Any CPU
		{9E5D6122-7C0F-4A9B-B347-6EC027FEF636}.Debug|Any CPU.Build.0 = Debug|Any CPU
		{9E5D6122-7C0F-4A9B-B347-6EC027FEF636}.Release|Any CPU.ActiveCfg = Debug|Any CPU
		{9E5D6122-7C0F-4A9B-B347-6EC027FEF636}.Release|Any CPU.Build.0 = Debug|Any CPU
	EndGlobalSection
	GlobalSection(SolutionProperties) = preSolution
		HideSolutionNode = FALSE
	EndGlobalSection
	GlobalSection(ExtensibilityGlobals) = postSolution
		SolutionGuid = {4265C31E-27F6-4771-A79F-17674ADF9E94}
	EndGlobalSection
EndGlobal
